
Microsoft Visual Studio Solution File, Format Version 12.00
# Visual Studio Version 17
VisualStudioVersion = 17.5.33530.505
MinimumVisualStudioVersion = 10.0.40219.1
Project("{FAE04EC0-301F-11D3-BF4B-00C04F79EFBC}") = "Practice - Persistent Data - CSVs", "Practice - Persistent Data - CSVs\Practice - Persistent Data - CSVs.csproj", "{4EEE5574-DF4E-44C9-95B2-86D326C714D7}"
EndProject
Global
	GlobalSection(SolutionConfigurationPlatforms) = preSolution
		Debug|Any CPU = Debug|Any CPU
		Release|Any CPU = Release|Any CPU
	EndGlobalSection
	GlobalSection(ProjectConfigurationPlatforms) = postSolution
		{4EEE5574-DF4E-44C9-95B2-86D326C714D7}.Debug|Any CPU.ActiveCfg = Debug|Any CPU
		{4EEE5574-DF4E-44C9-95B2-86D326C714D7}.Debug|Any CPU.Build.0 = Debug|Any CPU
		{4EEE5574-DF4E-44C9-95B2-86D326C714D7}.Release|Any CPU.ActiveCfg = Release|Any CPU
		{4EEE5574-DF4E-44C9-95B2-86D326C714D7}.Release|Any CPU.Build.0 = Release|Any CPU
	EndGlobalSection
	GlobalSection(SolutionProperties) = preSolution
		HideSolutionNode = FALSE
	EndGlobalSection
	GlobalSection(ExtensibilityGlobals) = postSolution
		SolutionGuid = {40363E50-650A-490E-8653-B3003E3446FA}
	EndGlobalSection
EndGlobal
